
Microsoft Visual Studio Solution File, Format Version 11.00
# Visual Studio 2010
Project("{FAE04EC0-301F-11D3-BF4B-00C04F79EFBC}") = "TwitterKitDemo", "TwitterKitDemo\TwitterKitDemo.csproj", "{722513E3-839E-4F53-AF16-BE6A6B1E470B}"
EndProject
Global
	GlobalSection(SolutionConfigurationPlatforms) = preSolution
		Debug|iPhoneSimulator = Debug|iPhoneSimulator
		Release|iPhone = Release|iPhone
		Release|iPhoneSimulator = Release|iPhoneSimulator
		Debug|iPhone = Debug|iPhone
	EndGlobalSection
	GlobalSection(ProjectConfigurationPlatforms) = postSolution
		{722513E3-839E-4F53-AF16-BE6A6B1E470B}.Debug|iPhone.ActiveCfg = Debug|iPhone
		{722513E3-839E-4F53-AF16-BE6A6B1E470B}.Debug|iPhone.Build.0 = Debug|iPhone
		{722513E3-839E-4F53-AF16-BE6A6B1E470B}.Debug|iPhoneSimulator.ActiveCfg = Debug|iPhoneSimulator
		{722513E3-839E-4F53-AF16-BE6A6B1E470B}.Debug|iPhoneSimulator.Build.0 = Debug|iPhoneSimulator
		{722513E3-839E-4F53-AF16-BE6A6B1E470B}.Release|iPhone.ActiveCfg = Release|iPhone
		{722513E3-839E-4F53-AF16-BE6A6B1E470B}.Release|iPhone.Build.0 = Release|iPhone
		{722513E3-839E-4F53-AF16-BE6A6B1E470B}.Release|iPhoneSimulator.ActiveCfg = Release|iPhoneSimulator
		{722513E3-839E-4F53-AF16-BE6A6B1E470B}.Release|iPhoneSimulator.Build.0 = Release|iPhoneSimulator
		{722513E3-839E-4F53-AF16-BE6A6B1E470B}.Debug|iPhone.ActiveCfg = Debug|iPhone
		{722513E3-839E-4F53-AF16-BE6A6B1E470B}.Debug|iPhone.Build.0 = Debug|iPhone
		{722513E3-839E-4F53-AF16-BE6A6B1E470B}.Debug|iPhoneSimulator.ActiveCfg = Debug|iPhoneSimulator
		{722513E3-839E-4F53-AF16-BE6A6B1E470B}.Debug|iPhoneSimulator.Build.0 = Debug|iPhoneSimulator
		{722513E3-839E-4F53-AF16-BE6A6B1E470B}.Release|iPhone.ActiveCfg = Release|iPhone
		{722513E3-839E-4F53-AF16-BE6A6B1E470B}.Release|iPhone.Build.0 = Release|iPhone
		{722513E3-839E-4F53-AF16-BE6A6B1E470B}.Release|iPhoneSimulator.ActiveCfg = Release|iPhoneSimulator
		{722513E3-839E-4F53-AF16-BE6A6B1E470B}.Release|iPhoneSimulator.Build.0 = Release|iPhoneSimulator
	EndGlobalSection
EndGlobal
