
Microsoft Visual Studio Solution File, Format Version 12.00
# Visual Studio 2012
Project("{FAE04EC0-301F-11D3-BF4B-00C04F79EFBC}") = "MonoTouch.Fabric", "MonoTouch.Fabric\MonoTouch.Fabric.csproj", "{F2FB7104-B907-4292-8120-D821B2390A33}"
EndProject
Project("{FAE04EC0-301F-11D3-BF4B-00C04F79EFBC}") = "MonoTouch.Fabric.Crashlytics", "MonoTouch.Fabric.Crashlytics\MonoTouch.Fabric.Crashlytics.csproj", "{6A09CA38-4B18-4336-B634-87BFF9725166}"
EndProject
Project("{FAE04EC0-301F-11D3-BF4B-00C04F79EFBC}") = "MonoTouch.Fabric.TwitterKit", "MonoTouch.Fabric.TwitterKit\MonoTouch.Fabric.TwitterKit.csproj", "{4367F8C0-5C23-4D46-A1A9-0FEA78B09077}"
EndProject
Project("{FAE04EC0-301F-11D3-BF4B-00C04F79EFBC}") = "MonoTouch.Fabric.TwitterCore", "MonoTouch.Fabric.TwitterCore\MonoTouch.Fabric.TwitterCore.csproj", "{A6455BEE-0D57-4C78-8065-FF46B32DE7B9}"
EndProject
Project("{FAE04EC0-301F-11D3-BF4B-00C04F79EFBC}") = "MonoTouch.Fabric.DigitsKit", "MonoTouch.Fabric.DigitsKit\MonoTouch.Fabric.DigitsKit.csproj", "{82067E08-7B24-472D-A22E-013E7AE24A75}"
EndProject
Project("{FAE04EC0-301F-11D3-BF4B-00C04F79EFBC}") = "MonoTouch.Fabric.MoPub", "MonoTouch.Fabric.MoPub\MonoTouch.Fabric.MoPub.csproj", "{44656F1B-ADB3-4141-A6AD-A0FD8B76DA21}"
EndProject
Global
	GlobalSection(SolutionConfigurationPlatforms) = preSolution
		Debug|Any CPU = Debug|Any CPU
		Release|Any CPU = Release|Any CPU
	EndGlobalSection
	GlobalSection(ProjectConfigurationPlatforms) = postSolution
		{4367F8C0-5C23-4D46-A1A9-0FEA78B09077}.Debug|Any CPU.ActiveCfg = Debug|Any CPU
		{4367F8C0-5C23-4D46-A1A9-0FEA78B09077}.Debug|Any CPU.Build.0 = Debug|Any CPU
		{4367F8C0-5C23-4D46-A1A9-0FEA78B09077}.Release|Any CPU.ActiveCfg = Release|Any CPU
		{4367F8C0-5C23-4D46-A1A9-0FEA78B09077}.Release|Any CPU.Build.0 = Release|Any CPU
		{44656F1B-ADB3-4141-A6AD-A0FD8B76DA21}.Debug|Any CPU.ActiveCfg = Debug|Any CPU
		{44656F1B-ADB3-4141-A6AD-A0FD8B76DA21}.Debug|Any CPU.Build.0 = Debug|Any CPU
		{44656F1B-ADB3-4141-A6AD-A0FD8B76DA21}.Release|Any CPU.ActiveCfg = Release|Any CPU
		{44656F1B-ADB3-4141-A6AD-A0FD8B76DA21}.Release|Any CPU.Build.0 = Release|Any CPU
		{6A09CA38-4B18-4336-B634-87BFF9725166}.Debug|Any CPU.ActiveCfg = Debug|Any CPU
		{6A09CA38-4B18-4336-B634-87BFF9725166}.Debug|Any CPU.Build.0 = Debug|Any CPU
		{6A09CA38-4B18-4336-B634-87BFF9725166}.Release|Any CPU.ActiveCfg = Release|Any CPU
		{6A09CA38-4B18-4336-B634-87BFF9725166}.Release|Any CPU.Build.0 = Release|Any CPU
		{82067E08-7B24-472D-A22E-013E7AE24A75}.Debug|Any CPU.ActiveCfg = Debug|Any CPU
		{82067E08-7B24-472D-A22E-013E7AE24A75}.Debug|Any CPU.Build.0 = Debug|Any CPU
		{82067E08-7B24-472D-A22E-013E7AE24A75}.Release|Any CPU.ActiveCfg = Release|Any CPU
		{82067E08-7B24-472D-A22E-013E7AE24A75}.Release|Any CPU.Build.0 = Release|Any CPU
		{A6455BEE-0D57-4C78-8065-FF46B32DE7B9}.Debug|Any CPU.ActiveCfg = Debug|Any CPU
		{A6455BEE-0D57-4C78-8065-FF46B32DE7B9}.Debug|Any CPU.Build.0 = Debug|Any CPU
		{A6455BEE-0D57-4C78-8065-FF46B32DE7B9}.Release|Any CPU.ActiveCfg = Release|Any CPU
		{A6455BEE-0D57-4C78-8065-FF46B32DE7B9}.Release|Any CPU.Build.0 = Release|Any CPU
		{F2FB7104-B907-4292-8120-D821B2390A33}.Debug|Any CPU.ActiveCfg = Debug|Any CPU
		{F2FB7104-B907-4292-8120-D821B2390A33}.Debug|Any CPU.Build.0 = Debug|Any CPU
		{F2FB7104-B907-4292-8120-D821B2390A33}.Release|Any CPU.ActiveCfg = Release|Any CPU
		{F2FB7104-B907-4292-8120-D821B2390A33}.Release|Any CPU.Build.0 = Release|Any CPU
		{44656F1B-ADB3-4141-A6AD-A0FD8B76DA21}.Debug|Any CPU.ActiveCfg = Debug|Any CPU
		{44656F1B-ADB3-4141-A6AD-A0FD8B76DA21}.Debug|Any CPU.Build.0 = Debug|Any CPU
		{44656F1B-ADB3-4141-A6AD-A0FD8B76DA21}.Release|Any CPU.ActiveCfg = Release|Any CPU
		{44656F1B-ADB3-4141-A6AD-A0FD8B76DA21}.Release|Any CPU.Build.0 = Release|Any CPU
	EndGlobalSection
EndGlobal
